
Microsoft Visual Studio Solution File, Format Version 12.00
# Visual Studio 15
VisualStudioVersion = 15.0.27703.2042
MinimumVisualStudioVersion = 10.0.40219.1
Project("{FAE04EC0-301F-11D3-BF4B-00C04F79EFBC}") = "DAL", "DAL\DAL.csproj", "{7954F9C4-9D12-4A9C-B07F-DF646CF34C36}"
EndProject
Project("{FAE04EC0-301F-11D3-BF4B-00C04F79EFBC}") = "tester1", "tester1\tester1.csproj", "{6825B252-A96D-40D6-B681-E5DCE4CC60EB}"
EndProject
Project("{FAE04EC0-301F-11D3-BF4B-00C04F79EFBC}") = "BLL", "BLL\BLL.csproj", "{F62E115F-267E-4767-A987-FA0B71412ED0}"
EndProject
Project("{FAE04EC0-301F-11D3-BF4B-00C04F79EFBC}") = "DTO", "DTO\DTO.csproj", "{499A4516-3A27-4B87-A335-B3821810E01D}"
EndProject
Project("{FAE04EC0-301F-11D3-BF4B-00C04F79EFBC}") = "WebAPI", "WebAPI\WebAPI.csproj", "{77383913-6D6B-40BD-AA07-9DCC1FE4A103}"
EndProject
Global
	GlobalSection(SolutionConfigurationPlatforms) = preSolution
		Debug|Any CPU = Debug|Any CPU
		Release|Any CPU = Release|Any CPU
	EndGlobalSection
	GlobalSection(ProjectConfigurationPlatforms) = postSolution
		{7954F9C4-9D12-4A9C-B07F-DF646CF34C36}.Debug|Any CPU.ActiveCfg = Debug|Any CPU
		{7954F9C4-9D12-4A9C-B07F-DF646CF34C36}.Debug|Any CPU.Build.0 = Debug|Any CPU
		{7954F9C4-9D12-4A9C-B07F-DF646CF34C36}.Release|Any CPU.ActiveCfg = Release|Any CPU
		{7954F9C4-9D12-4A9C-B07F-DF646CF34C36}.Release|Any CPU.Build.0 = Release|Any CPU
		{6825B252-A96D-40D6-B681-E5DCE4CC60EB}.Debug|Any CPU.ActiveCfg = Debug|Any CPU
		{6825B252-A96D-40D6-B681-E5DCE4CC60EB}.Debug|Any CPU.Build.0 = Debug|Any CPU
		{6825B252-A96D-40D6-B681-E5DCE4CC60EB}.Release|Any CPU.ActiveCfg = Release|Any CPU
		{6825B252-A96D-40D6-B681-E5DCE4CC60EB}.Release|Any CPU.Build.0 = Release|Any CPU
		{F62E115F-267E-4767-A987-FA0B71412ED0}.Debug|Any CPU.ActiveCfg = Debug|Any CPU
		{F62E115F-267E-4767-A987-FA0B71412ED0}.Debug|Any CPU.Build.0 = Debug|Any CPU
		{F62E115F-267E-4767-A987-FA0B71412ED0}.Release|Any CPU.ActiveCfg = Release|Any CPU
		{F62E115F-267E-4767-A987-FA0B71412ED0}.Release|Any CPU.Build.0 = Release|Any CPU
		{499A4516-3A27-4B87-A335-B3821810E01D}.Debug|Any CPU.ActiveCfg = Debug|Any CPU
		{499A4516-3A27-4B87-A335-B3821810E01D}.Debug|Any CPU.Build.0 = Debug|Any CPU
		{499A4516-3A27-4B87-A335-B3821810E01D}.Release|Any CPU.ActiveCfg = Release|Any CPU
		{499A4516-3A27-4B87-A335-B3821810E01D}.Release|Any CPU.Build.0 = Release|Any CPU
		{77383913-6D6B-40BD-AA07-9DCC1FE4A103}.Debug|Any CPU.ActiveCfg = Debug|Any CPU
		{77383913-6D6B-40BD-AA07-9DCC1FE4A103}.Debug|Any CPU.Build.0 = Debug|Any CPU
		{77383913-6D6B-40BD-AA07-9DCC1FE4A103}.Release|Any CPU.ActiveCfg = Release|Any CPU
		{77383913-6D6B-40BD-AA07-9DCC1FE4A103}.Release|Any CPU.Build.0 = Release|Any CPU
	EndGlobalSection
	GlobalSection(SolutionProperties) = preSolution
		HideSolutionNode = FALSE
	EndGlobalSection
	GlobalSection(ExtensibilityGlobals) = postSolution
		SolutionGuid = {09DB53D8-C8A5-4E8A-94D8-F09590CBEC5C}
	EndGlobalSection
EndGlobal
